
Microsoft Visual Studio Solution File, Format Version 12.00
# Visual Studio Version 17
VisualStudioVersion = 17.2.32616.157
MinimumVisualStudioVersion = 10.0.40219.1
Project("{FAE04EC0-301F-11D3-BF4B-00C04F79EFBC}") = "Company telephone directory", "Company telephone directory\Company telephone directory.csproj", "{BDDEF318-FBFF-4752-A724-50E90E9A9205}"
EndProject
Global
	GlobalSection(SolutionConfigurationPlatforms) = preSolution
		Debug|Any CPU = Debug|Any CPU
		Release|Any CPU = Release|Any CPU
	EndGlobalSection
	GlobalSection(ProjectConfigurationPlatforms) = postSolution
		{BDDEF318-FBFF-4752-A724-50E90E9A9205}.Debug|Any CPU.ActiveCfg = Debug|Any CPU
		{BDDEF318-FBFF-4752-A724-50E90E9A9205}.Debug|Any CPU.Build.0 = Debug|Any CPU
		{BDDEF318-FBFF-4752-A724-50E90E9A9205}.Release|Any CPU.ActiveCfg = Release|Any CPU
		{BDDEF318-FBFF-4752-A724-50E90E9A9205}.Release|Any CPU.Build.0 = Release|Any CPU
	EndGlobalSection
	GlobalSection(SolutionProperties) = preSolution
		HideSolutionNode = FALSE
	EndGlobalSection
	GlobalSection(ExtensibilityGlobals) = postSolution
		SolutionGuid = {38F24A84-6A74-46E1-BE13-E0011C5C1EDB}
	EndGlobalSection
EndGlobal
